Loading package information...                                                  Loading local repository...                                                     [=========                              ] 25% Loading local repository...       [=========                              ] 25% Fetch remote repository...        [=======================================] 100% Fetch remote repository...       Installed packages:
  Path                   | Version      | Description                             | Location              
  -------                | -------      | -------                                 | -------               
  build-tools;30.0.3     | 30.0.3       | Android SDK Build-Tools 30.0.3          | build-tools/30.0.3    
  build-tools;31.0.0     | 31.0.0       | Android SDK Build-Tools 31              | build-tools/31.0.0    
  build-tools;32.0.0     | 32.0.0       | Android SDK Build-Tools 32              | build-tools/32.0.0    
  build-tools;32.1.0-rc1 | 32.1.0 rc1   | Android SDK Build-Tools 32.1-rc1        | build-tools/32.1.0-rc1
  cmdline-tools;latest   | 7.0          | Android SDK Command-line Tools (latest) | cmdline-tools/latest  
  emulator               | 31.3.10      | Android Emulator                        | emulator              
  ndk;22.1.7171670       | 22.1.7171670 | NDK (Side by side) 22.1.7171670         | ndk/22.1.7171670      
  patcher;v4             | 1            | SDK Patch Applier v4                    | patcher/v4            
  platform-tools         | 33.0.3       | Android SDK Platform-Tools              | platform-tools        
  platforms;android-31   | 1            | Android SDK Platform 31                 | platforms/android-31  
  platforms;android-32   | 1            | Android SDK Platform 32                 | platforms/android-32  
  sources;android-31     | 1            | Sources for Android 31                  | sources/android-31    
  sources;android-32     | 1            | Sources for Android 32                  | sources/android-32    

Installed Obsolete Packages:
  Path    | Version | Description       | Location
  ------- | ------- | -------           | ------- 
  tools   | 26.1.1  | Android SDK Tools | tools   

